
Microsoft Visual Studio Solution File, Format Version 12.00
# Visual Studio Version 17
VisualStudioVersion = 17.0.33801.228
MinimumVisualStudioVersion = 10.0.40219.1
Project("{FAE04EC0-301F-11D3-BF4B-00C04F79EFBC}") = "Crossword", "Crossword\Crossword.csproj", "{2D2C8157-1C4E-47F9-9828-4C399A9D1B21}"
EndProject
Global
	GlobalSection(SolutionConfigurationPlatforms) = preSolution
		Debug|Any CPU = Debug|Any CPU
		Release|Any CPU = Release|Any CPU
	EndGlobalSection
	GlobalSection(ProjectConfigurationPlatforms) = postSolution
		{2D2C8157-1C4E-47F9-9828-4C399A9D1B21}.Debug|Any CPU.ActiveCfg = Debug|Any CPU
		{2D2C8157-1C4E-47F9-9828-4C399A9D1B21}.Debug|Any CPU.Build.0 = Debug|Any CPU
		{2D2C8157-1C4E-47F9-9828-4C399A9D1B21}.Release|Any CPU.ActiveCfg = Release|Any CPU
		{2D2C8157-1C4E-47F9-9828-4C399A9D1B21}.Release|Any CPU.Build.0 = Release|Any CPU
	EndGlobalSection
	GlobalSection(SolutionProperties) = preSolution
		HideSolutionNode = FALSE
	EndGlobalSection
	GlobalSection(ExtensibilityGlobals) = postSolution
		SolutionGuid = {D87539A9-B767-4475-B2E2-770C45F53102}
	EndGlobalSection
EndGlobal
